<Solution>
  <Folder Name="/src/">
    <Project Path="src/LibraryManagementSystem.Api/LibraryManagementSystem.Api.csproj" />
    <Project Path="src/LibraryManagementSystem.BLL/LibraryManagementSystem.BLL.csproj" />
    <Project Path="src/LibraryManagementSystem.DAL/LibraryManagementSystem.DAL.csproj" />
    <Project Path="src/LibraryManagementSystem.Database/LibraryManagementSystem.Database.sqlproj" Id="b81329fc-68c9-4ca7-838e-3bd589518d23">
      <Build />
      <Deploy />
    </Project>
    <Project Path="src/LibrarymanagementSystem.Shared/LibrarymanagementSystem.Shared.csproj" />
  </Folder>
</Solution>
